
Microsoft Visual Studio Solution File, Format Version 12.00
# Visual Studio 15
VisualStudioVersion = 15.0.28010.2041
MinimumVisualStudioVersion = 10.0.40219.1
Project("{FAE04EC0-301F-11D3-BF4B-00C04F79EFBC}") = "Backend-Training.API", "Backend-Training.API\Backend-Training.API.csproj", "{50359ABB-D83E-4F76-88C1-0A317D6083DF}"
EndProject
Global
	GlobalSection(SolutionConfigurationPlatforms) = preSolution
		Debug|Any CPU = Debug|Any CPU
		Release|Any CPU = Release|Any CPU
	EndGlobalSection
	GlobalSection(ProjectConfigurationPlatforms) = postSolution
		{50359ABB-D83E-4F76-88C1-0A317D6083DF}.Debug|Any CPU.ActiveCfg = Debug|Any CPU
		{50359ABB-D83E-4F76-88C1-0A317D6083DF}.Debug|Any CPU.Build.0 = Debug|Any CPU
		{50359ABB-D83E-4F76-88C1-0A317D6083DF}.Release|Any CPU.ActiveCfg = Release|Any CPU
		{50359ABB-D83E-4F76-88C1-0A317D6083DF}.Release|Any CPU.Build.0 = Release|Any CPU
	EndGlobalSection
	GlobalSection(SolutionProperties) = preSolution
		HideSolutionNode = FALSE
	EndGlobalSection
	GlobalSection(ExtensibilityGlobals) = postSolution
		SolutionGuid = {2F644DC8-3367-4974-83A5-AFECBB0748FE}
	EndGlobalSection
EndGlobal
